// !$*UTF8*$!
{
	archiveVersion = 1;
	classes = {
	};
	objectVersion = 77;
	objects = {

/* Begin PBXBuildFile section */
		FF3F358E2F7222B900C83859 /* Breadcrumb.swift in Sources */ = {isa = PBXBuildFile; fileRef = FF3F35772F7222B900C83859 /* Breadcrumb.swift */; };
		FF3F358F2F7222B900C83859 /* BreadcrumbChipView.swift in Sources */ = {isa = PBXBuildFile; fileRef = FF3F35782F7222B900C83859 /* BreadcrumbChipView.swift */; };
		FF3F35902F7222B900C83859 /* BreadcrumbsSection.swift in Sources */ = {isa = PBXBuildFile; fileRef = FF3F35792F7222B900C83859 /* BreadcrumbsSection.swift */; };
		FF3F35922F7222B900C83859 /* CreateNumber.swift in Sources */ = {isa = PBXBuildFile; fileRef = FF3F357B2F7222B900C83859 /* CreateNumber.swift */; };
		FF3F35932F7222B900C83859 /* CreateNumberViewModel.swift in Sources */ = {isa = PBXBuildFile; fileRef = FF3F357C2F7222B900C83859 /* CreateNumberViewModel.swift */; };
		FF3F35942F7222B900C83859 /* EntryChipView.swift in Sources */ = {isa = PBXBuildFile; fileRef = FF3F357D2F7222B900C83859 /* EntryChipView.swift */; };
		FF3F35952F7222B900C83859 /* EntryGroupSection.swift in Sources */ = {isa = PBXBuildFile; fileRef = FF3F357E2F7222B900C83859 /* EntryGroupSection.swift */; };
		FF3F359C2F7222B900C83859 /* NumberInputSection.swift in Sources */ = {isa = PBXBuildFile; fileRef = FF3F35872F7222B900C83859 /* NumberInputSection.swift */; };
		FF3F359D2F7222B900C83859 /* ViewNumbers.swift in Sources */ = {isa = PBXBuildFile; fileRef = FF3F35882F7222B900C83859 /* ViewNumbers.swift */; };
		FF3F359F2F7222B900C83859 /* TagFlowLayout.swift in Sources */ = {isa = PBXBuildFile; fileRef = FF3F358A2F7222B900C83859 /* TagFlowLayout.swift */; };
		FF3F35A02F7222B900C83859 /* TagFlowLayoutCache.swift in Sources */ = {isa = PBXBuildFile; fileRef = FF3F358B2F7222B900C83859 /* TagFlowLayoutCache.swift */; };
		FF3F35A12F7222B900C83859 /* TagFlowLayoutElement.swift in Sources */ = {isa = PBXBuildFile; fileRef = FF3F358C2F7222B900C83859 /* TagFlowLayoutElement.swift */; };
		FF3F35A22F7222B900C83859 /* TagFlowLayoutRow.swift in Sources */ = {isa = PBXBuildFile; fileRef = FF3F358D2F7222B900C83859 /* TagFlowLayoutRow.swift */; };
		FF3F35B72F72245700C83859 /* MatchingEntryGroup.swift in Sources */ = {isa = PBXBuildFile; fileRef = FF3F35B62F72245700C83859 /* MatchingEntryGroup.swift */; };
		FF3F35B92F72245800C83859 /* MnemonicEntry.swift in Sources */ = {isa = PBXBuildFile; fileRef = FF3F35B82F72245800C83859 /* MnemonicEntry.swift */; };
		FF3F35BB2F72245800C83859 /* NumberComposition.swift in Sources */ = {isa = PBXBuildFile; fileRef = FF3F35BA2F72245800C83859 /* NumberComposition.swift */; };
		FF3F35BD2F72245800C83859 /* MajorIndexRepository.swift in Sources */ = {isa = PBXBuildFile; fileRef = FF3F35BC2F72245800C83859 /* MajorIndexRepository.swift */; };
		FF3F35C72F72245900C83859 /* BundledMajorIndexRepository.swift in Sources */ = {isa = PBXBuildFile; fileRef = FF3F35C62F72245900C83859 /* BundledMajorIndexRepository.swift */; };
		FF3F35C92F72245900C83859 /* CreateNumberFeature.swift in Sources */ = {isa = PBXBuildFile; fileRef = FF3F35C82F72245900C83859 /* CreateNumberFeature.swift */; };
		FFA064C72F736BFA0074F698 /* NumberCompositionRepository.swift in Sources */ = {isa = PBXBuildFile; fileRef = FFA064C62F736BFA0074F698 /* NumberCompositionRepository.swift */; };
		FFA064C92F736C070074F698 /* PersistedBreadcrumb.swift in Sources */ = {isa = PBXBuildFile; fileRef = FFA064C82F736C070074F698 /* PersistedBreadcrumb.swift */; };
		FFA064CB2F736C080074F698 /* PersistedNumberComposition.swift in Sources */ = {isa = PBXBuildFile; fileRef = FFA064CA2F736C080074F698 /* PersistedNumberComposition.swift */; };
		FFA064CD2F736C100074F698 /* SwiftDataNumberCompositionRepository.swift in Sources */ = {isa = PBXBuildFile; fileRef = FFA064CC2F736C100074F698 /* SwiftDataNumberCompositionRepository.swift */; };
		FFA064CF2F736C3B0074F698 /* ViewNumbersViewModel.swift in Sources */ = {isa = PBXBuildFile; fileRef = FFA064CE2F736C3B0074F698 /* ViewNumbersViewModel.swift */; };
		FFF458262F677519000350EE /* MajorSystemKit in Frameworks */ = {isa = PBXBuildFile; productRef = FFF458252F677519000350EE /* MajorSystemKit */; };
/* End PBXBuildFile section */

/* Begin PBXContainerItemProxy section */
		FFF457F62F677356000350EE /* PBXContainerItemProxy */ = {
			isa = PBXContainerItemProxy;
			containerPortal = FFF457DC2F677355000350EE /* Project object */;
			proxyType = 1;
			remoteGlobalIDString = FFF457E32F677355000350EE;
			remoteInfo = Memry;
		};
/* End PBXContainerItemProxy section */

/* Begin PBXFileReference section */
		FF3F35772F7222B900C83859 /* Breadcrumb.swift */ = {isa = PBXFileReference; lastKnownFileType = sourcecode.swift; path = Breadcrumb.swift; sourceTree = "<group>"; };
		FF3F35782F7222B900C83859 /* BreadcrumbChipView.swift */ = {isa = PBXFileReference; lastKnownFileType = sourcecode.swift; path = BreadcrumbChipView.swift; sourceTree = "<group>"; };
		FF3F35792F7222B900C83859 /* BreadcrumbsSection.swift */ = {isa = PBXFileReference; lastKnownFileType = sourcecode.swift; path = BreadcrumbsSection.swift; sourceTree = "<group>"; };
		FF3F357B2F7222B900C83859 /* CreateNumber.swift */ = {isa = PBXFileReference; lastKnownFileType = sourcecode.swift; path = CreateNumber.swift; sourceTree = "<group>"; };
		FF3F357C2F7222B900C83859 /* CreateNumberViewModel.swift */ = {isa = PBXFileReference; lastKnownFileType = sourcecode.swift; path = CreateNumberViewModel.swift; sourceTree = "<group>"; };
		FF3F357D2F7222B900C83859 /* EntryChipView.swift */ = {isa = PBXFileReference; lastKnownFileType = sourcecode.swift; path = EntryChipView.swift; sourceTree = "<group>"; };
		FF3F357E2F7222B900C83859 /* EntryGroupSection.swift */ = {isa = PBXFileReference; lastKnownFileType = sourcecode.swift; path = EntryGroupSection.swift; sourceTree = "<group>"; };
		FF3F35872F7222B900C83859 /* NumberInputSection.swift */ = {isa = PBXFileReference; lastKnownFileType = sourcecode.swift; path = NumberInputSection.swift; sourceTree = "<group>"; };
		FF3F35882F7222B900C83859 /* ViewNumbers.swift */ = {isa = PBXFileReference; lastKnownFileType = sourcecode.swift; path = ViewNumbers.swift; sourceTree = "<group>"; };
		FF3F358A2F7222B900C83859 /* TagFlowLayout.swift */ = {isa = PBXFileReference; lastKnownFileType = sourcecode.swift; path = TagFlowLayout.swift; sourceTree = "<group>"; };
		FF3F358B2F7222B900C83859 /* TagFlowLayoutCache.swift */ = {isa = PBXFileReference; lastKnownFileType = sourcecode.swift; path = TagFlowLayoutCache.swift; sourceTree = "<group>"; };
		FF3F358C2F7222B900C83859 /* TagFlowLayoutElement.swift */ = {isa = PBXFileReference; lastKnownFileType = sourcecode.swift; path = TagFlowLayoutElement.swift; sourceTree = "<group>"; };
		FF3F358D2F7222B900C83859 /* TagFlowLayoutRow.swift */ = {isa = PBXFileReference; lastKnownFileType = sourcecode.swift; path = TagFlowLayoutRow.swift; sourceTree = "<group>"; };
		FF3F35AB2F7222D200C83859 /* AGENTS.md */ = {isa = PBXFileReference; lastKnownFileType = net.daringfireball.markdown; path = AGENTS.md; sourceTree = "<group>"; };
		FF3F35B62F72245700C83859 /* MatchingEntryGroup.swift */ = {isa = PBXFileReference; lastKnownFileType = sourcecode.swift; path = MatchingEntryGroup.swift; sourceTree = "<group>"; };
		FF3F35B82F72245800C83859 /* MnemonicEntry.swift */ = {isa = PBXFileReference; lastKnownFileType = sourcecode.swift; path = MnemonicEntry.swift; sourceTree = "<group>"; };
		FF3F35BA2F72245800C83859 /* NumberComposition.swift */ = {isa = PBXFileReference; lastKnownFileType = sourcecode.swift; path = NumberComposition.swift; sourceTree = "<group>"; };
		FF3F35BC2F72245800C83859 /* MajorIndexRepository.swift */ = {isa = PBXFileReference; lastKnownFileType = sourcecode.swift; path = MajorIndexRepository.swift; sourceTree = "<group>"; };
		FF3F35C62F72245900C83859 /* BundledMajorIndexRepository.swift */ = {isa = PBXFileReference; lastKnownFileType = sourcecode.swift; path = BundledMajorIndexRepository.swift; sourceTree = "<group>"; };
		FF3F35C82F72245900C83859 /* CreateNumberFeature.swift */ = {isa = PBXFileReference; lastKnownFileType = sourcecode.swift; path = CreateNumberFeature.swift; sourceTree = "<group>"; };
		FFA064C32F735FF60074F698 /* ARCHITECTURE.md */ = {isa = PBXFileReference; lastKnownFileType = net.daringfireball.markdown; path = ARCHITECTURE.md; sourceTree = "<group>"; };
		FFA064C62F736BFA0074F698 /* NumberCompositionRepository.swift */ = {isa = PBXFileReference; lastKnownFileType = sourcecode.swift; path = NumberCompositionRepository.swift; sourceTree = "<group>"; };
		FFA064C82F736C070074F698 /* PersistedBreadcrumb.swift */ = {isa = PBXFileReference; lastKnownFileType = sourcecode.swift; path = PersistedBreadcrumb.swift; sourceTree = "<group>"; };
		FFA064CA2F736C080074F698 /* PersistedNumberComposition.swift */ = {isa = PBXFileReference; lastKnownFileType = sourcecode.swift; path = PersistedNumberComposition.swift; sourceTree = "<group>"; };
		FFA064CC2F736C100074F698 /* SwiftDataNumberCompositionRepository.swift */ = {isa = PBXFileReference; lastKnownFileType = sourcecode.swift; path = SwiftDataNumberCompositionRepository.swift; sourceTree = "<group>"; };
		FFA064CE2F736C3B0074F698 /* ViewNumbersViewModel.swift */ = {isa = PBXFileReference; lastKnownFileType = sourcecode.swift; path = ViewNumbersViewModel.swift; sourceTree = "<group>"; };
		FFF457E42F677355000350EE /* Memry.app */ = {isa = PBXFileReference; explicitFileType = wrapper.application; includeInIndex = 0; path = Memry.app; sourceTree = BUILT_PRODUCTS_DIR; };
		FFF457F52F677356000350EE /* MemryTests.xctest */ = {isa = PBXFileReference; explicitFileType = wrapper.cfbundle; includeInIndex = 0; path = MemryTests.xctest; sourceTree = BUILT_PRODUCTS_DIR; };
/* End PBXFileReference section */

/* Begin PBXFileSystemSynchronizedBuildFileExceptionSet section */
		FFF458072F677356000350EE /* Exceptions for "Memry" folder in "Memry" target */ = {
			isa = PBXFileSystemSynchronizedBuildFileExceptionSet;
			membershipExceptions = (
				Info.plist,
			);
			target = FFF457E32F677355000350EE /* Memry */;
		};
/* End PBXFileSystemSynchronizedBuildFileExceptionSet section */

/* Begin PBXFileSystemSynchronizedRootGroup section */
		FFF457E62F677355000350EE /* Memry */ = {
			isa = PBXFileSystemSynchronizedRootGroup;
			exceptions = (
				FFF458072F677356000350EE /* Exceptions for "Memry" folder in "Memry" target */,
			);
			path = Memry;
			sourceTree = "<group>";
		};
		FFF457F82F677356000350EE /* MemryTests */ = {
			isa = PBXFileSystemSynchronizedRootGroup;
			path = MemryTests;
			sourceTree = "<group>";
		};
/* End PBXFileSystemSynchronizedRootGroup section */

/* Begin PBXFrameworksBuildPhase section */
		FFF457E12F677355000350EE /* Frameworks */ = {
			isa = PBXFrameworksBuildPhase;
			buildActionMask = 2147483647;
			files = (
				FFF458262F677519000350EE /* MajorSystemKit in Frameworks */,
			);
			runOnlyForDeploymentPostprocessing = 0;
		};
		FFF457F22F677356000350EE /* Frameworks */ = {
			isa = PBXFrameworksBuildPhase;
			buildActionMask = 2147483647;
			files = (
			);
			runOnlyForDeploymentPostprocessing = 0;
		};
/* End PBXFrameworksBuildPhase section */

/* Begin PBXGroup section */
		FF3F35AC2F72235D00C83859 /* Features */ = {
			isa = PBXGroup;
			children = (
				FF3F35AE2F72236400C83859 /* CreateNumber */,
				FF3F35AF2F72236400C83859 /* ViewNumbers */,
			);
			path = Features;
			sourceTree = "<group>";
		};
		FF3F35AD2F72235D00C83859 /* Shared */ = {
			isa = PBXGroup;
			children = (
				FF3F35B02F72236500C83859 /* Presentation */,
				FFA064D02F737F850074F698 /* Domain */,
			);
			path = Shared;
			sourceTree = "<group>";
		};
		FF3F35AE2F72236400C83859 /* CreateNumber */ = {
			isa = PBXGroup;
			children = (
				FF3F35B12F72236B00C83859 /* Presentation */,
				FF3F35B22F72236B00C83859 /* Domain */,
				FF3F35B42F72236C00C83859 /* Data */,
				FF3F35C82F72245900C83859 /* CreateNumberFeature.swift */,
			);
			path = CreateNumber;
			sourceTree = "<group>";
		};
		FF3F35AF2F72236400C83859 /* ViewNumbers */ = {
			isa = PBXGroup;
			children = (
				FF3F35B52F72236C00C83859 /* Presentation */,
				FFA064C52F736BF60074F698 /* Data */,
			);
			path = ViewNumbers;
			sourceTree = "<group>";
		};
		FF3F35B02F72236500C83859 /* Presentation */ = {
			isa = PBXGroup;
			children = (
				FF3F358A2F7222B900C83859 /* TagFlowLayout.swift */,
				FF3F358B2F7222B900C83859 /* TagFlowLayoutCache.swift */,
				FF3F358C2F7222B900C83859 /* TagFlowLayoutElement.swift */,
				FF3F358D2F7222B900C83859 /* TagFlowLayoutRow.swift */,
			);
			path = Presentation;
			sourceTree = "<group>";
		};
		FF3F35B12F72236B00C83859 /* Presentation */ = {
			isa = PBXGroup;
			children = (
				FF3F357B2F7222B900C83859 /* CreateNumber.swift */,
				FF3F357C2F7222B900C83859 /* CreateNumberViewModel.swift */,
				FF3F35782F7222B900C83859 /* BreadcrumbChipView.swift */,
				FF3F35792F7222B900C83859 /* BreadcrumbsSection.swift */,
				FF3F357D2F7222B900C83859 /* EntryChipView.swift */,
				FF3F357E2F7222B900C83859 /* EntryGroupSection.swift */,
				FF3F35872F7222B900C83859 /* NumberInputSection.swift */,
			);
			path = Presentation;
			sourceTree = "<group>";
		};
		FF3F35B22F72236B00C83859 /* Domain */ = {
			isa = PBXGroup;
			children = (
				FF3F35B62F72245700C83859 /* MatchingEntryGroup.swift */,
				FF3F35B82F72245800C83859 /* MnemonicEntry.swift */,
				FF3F35BC2F72245800C83859 /* MajorIndexRepository.swift */,
			);
			path = Domain;
			sourceTree = "<group>";
		};
		FF3F35B42F72236C00C83859 /* Data */ = {
			isa = PBXGroup;
			children = (
				FF3F35C62F72245900C83859 /* BundledMajorIndexRepository.swift */,
			);
			path = Data;
			sourceTree = "<group>";
		};
		FF3F35B52F72236C00C83859 /* Presentation */ = {
			isa = PBXGroup;
			children = (
				FF3F35882F7222B900C83859 /* ViewNumbers.swift */,
				FFA064CE2F736C3B0074F698 /* ViewNumbersViewModel.swift */,
			);
			path = Presentation;
			sourceTree = "<group>";
		};
		FFA064C52F736BF60074F698 /* Data */ = {
			isa = PBXGroup;
			children = (
				FFA064C82F736C070074F698 /* PersistedBreadcrumb.swift */,
				FFA064CA2F736C080074F698 /* PersistedNumberComposition.swift */,
				FFA064CC2F736C100074F698 /* SwiftDataNumberCompositionRepository.swift */,
			);
			path = Data;
			sourceTree = "<group>";
		};
		FFA064D02F737F850074F698 /* Domain */ = {
			isa = PBXGroup;
			children = (
				FF3F35772F7222B900C83859 /* Breadcrumb.swift */,
				FF3F35BA2F72245800C83859 /* NumberComposition.swift */,
				FFA064C62F736BFA0074F698 /* NumberCompositionRepository.swift */,
			);
			path = Domain;
			sourceTree = "<group>";
		};
		FFF457DB2F677355000350EE = {
			isa = PBXGroup;
			children = (
				FF3F35AB2F7222D200C83859 /* AGENTS.md */,
				FFA064C32F735FF60074F698 /* ARCHITECTURE.md */,
				FFF457E62F677355000350EE /* Memry */,
				FFF457F82F677356000350EE /* MemryTests */,
				FFF457E52F677355000350EE /* Products */,
				FF3F35AC2F72235D00C83859 /* Features */,
				FF3F35AD2F72235D00C83859 /* Shared */,
			);
			sourceTree = "<group>";
		};
		FFF457E52F677355000350EE /* Products */ = {
			isa = PBXGroup;
			children = (
				FFF457E42F677355000350EE /* Memry.app */,
				FFF457F52F677356000350EE /* MemryTests.xctest */,
			);
			name = Products;
			sourceTree = "<group>";
		};
/* End PBXGroup section */

/* Begin PBXNativeTarget section */
		FFF457E32F677355000350EE /* Memry */ = {
			isa = PBXNativeTarget;
			buildConfigurationList = FFF458082F677356000350EE /* Build configuration list for PBXNativeTarget "Memry" */;
			buildPhases = (
				FFF457E02F677355000350EE /* Sources */,
				FFF457E12F677355000350EE /* Frameworks */,
				FFF457E22F677355000350EE /* Resources */,
			);
			buildRules = (
			);
			dependencies = (
			);
			fileSystemSynchronizedGroups = (
				FFF457E62F677355000350EE /* Memry */,
			);
			name = Memry;
			packageProductDependencies = (
				FFF458252F677519000350EE /* MajorSystemKit */,
			);
			productName = Memry;
			productReference = FFF457E42F677355000350EE /* Memry.app */;
			productType = "com.apple.product-type.application";
		};
		FFF457F42F677356000350EE /* MemryTests */ = {
			isa = PBXNativeTarget;
			buildConfigurationList = FFF4580D2F677356000350EE /* Build configuration list for PBXNativeTarget "MemryTests" */;
			buildPhases = (
				FFF457F12F677356000350EE /* Sources */,
				FFF457F22F677356000350EE /* Frameworks */,
				FFF457F32F677356000350EE /* Resources */,
			);
			buildRules = (
			);
			dependencies = (
				FFF457F72F677356000350EE /* PBXTargetDependency */,
			);
			fileSystemSynchronizedGroups = (
				FFF457F82F677356000350EE /* MemryTests */,
			);
			name = MemryTests;
			packageProductDependencies = (
			);
			productName = MemryTests;
			productReference = FFF457F52F677356000350EE /* MemryTests.xctest */;
			productType = "com.apple.product-type.bundle.unit-test";
		};
/* End PBXNativeTarget section */

/* Begin PBXProject section */
		FFF457DC2F677355000350EE /* Project object */ = {
			isa = PBXProject;
			attributes = {
				BuildIndependentTargetsInParallel = 1;
				LastSwiftUpdateCheck = 2630;
				LastUpgradeCheck = 2630;
				TargetAttributes = {
					FFF457E32F677355000350EE = {
						CreatedOnToolsVersion = 26.3;
					};
					FFF457F42F677356000350EE = {
						CreatedOnToolsVersion = 26.3;
						TestTargetID = FFF457E32F677355000350EE;
					};
				};
			};
			buildConfigurationList = FFF457DF2F677355000350EE /* Build configuration list for PBXProject "Memry" */;
			developmentRegion = en;
			hasScannedForEncodings = 0;
			knownRegions = (
				en,
				Base,
			);
			mainGroup = FFF457DB2F677355000350EE;
			minimizedProjectReferenceProxies = 1;
			packageReferences = (
				FFF458242F677519000350EE /* XCRemoteSwiftPackageReference "MajorSystemKit" */,
			);
			preferredProjectObjectVersion = 77;
			productRefGroup = FFF457E52F677355000350EE /* Products */;
			projectDirPath = "";
			projectRoot = "";
			targets = (
				FFF457E32F677355000350EE /* Memry */,
				FFF457F42F677356000350EE /* MemryTests */,
			);
		};
/* End PBXProject section */

/* Begin PBXResourcesBuildPhase section */
		FFF457E22F677355000350EE /* Resources */ = {
			isa = PBXResourcesBuildPhase;
			buildActionMask = 2147483647;
			files = (
			);
			runOnlyForDeploymentPostprocessing = 0;
		};
		FFF457F32F677356000350EE /* Resources */ = {
			isa = PBXResourcesBuildPhase;
			buildActionMask = 2147483647;
			files = (
			);
			runOnlyForDeploymentPostprocessing = 0;
		};
/* End PBXResourcesBuildPhase section */

/* Begin PBXSourcesBuildPhase section */
		FFF457E02F677355000350EE /* Sources */ = {
			isa = PBXSourcesBuildPhase;
			buildActionMask = 2147483647;
			files = (
				FFA064C72F736BFA0074F698 /* NumberCompositionRepository.swift in Sources */,
				FFA064CD2F736C100074F698 /* SwiftDataNumberCompositionRepository.swift in Sources */,
				FF3F358E2F7222B900C83859 /* Breadcrumb.swift in Sources */,
				FF3F358F2F7222B900C83859 /* BreadcrumbChipView.swift in Sources */,
				FF3F35902F7222B900C83859 /* BreadcrumbsSection.swift in Sources */,
				FF3F35922F7222B900C83859 /* CreateNumber.swift in Sources */,
				FFA064CB2F736C080074F698 /* PersistedNumberComposition.swift in Sources */,
				FF3F35932F7222B900C83859 /* CreateNumberViewModel.swift in Sources */,
				FF3F35C92F72245900C83859 /* CreateNumberFeature.swift in Sources */,
				FF3F35942F7222B900C83859 /* EntryChipView.swift in Sources */,
				FF3F35B92F72245800C83859 /* MnemonicEntry.swift in Sources */,
				FF3F35952F7222B900C83859 /* EntryGroupSection.swift in Sources */,
				FF3F35B72F72245700C83859 /* MatchingEntryGroup.swift in Sources */,
				FF3F35BB2F72245800C83859 /* NumberComposition.swift in Sources */,
				FF3F359C2F7222B900C83859 /* NumberInputSection.swift in Sources */,
				FF3F359D2F7222B900C83859 /* ViewNumbers.swift in Sources */,
				FFA064CF2F736C3B0074F698 /* ViewNumbersViewModel.swift in Sources */,
				FF3F35C72F72245900C83859 /* BundledMajorIndexRepository.swift in Sources */,
				FF3F359F2F7222B900C83859 /* TagFlowLayout.swift in Sources */,
				FF3F35BD2F72245800C83859 /* MajorIndexRepository.swift in Sources */,
				FF3F35A02F7222B900C83859 /* TagFlowLayoutCache.swift in Sources */,
				FF3F35A12F7222B900C83859 /* TagFlowLayoutElement.swift in Sources */,
				FFA064C92F736C070074F698 /* PersistedBreadcrumb.swift in Sources */,
				FF3F35A22F7222B900C83859 /* TagFlowLayoutRow.swift in Sources */,
			);
			runOnlyForDeploymentPostprocessing = 0;
		};
		FFF457F12F677356000350EE /* Sources */ = {
			isa = PBXSourcesBuildPhase;
			buildActionMask = 2147483647;
			files = (
			);
			runOnlyForDeploymentPostprocessing = 0;
		};
/* End PBXSourcesBuildPhase section */

/* Begin PBXTargetDependency section */
		FFF457F72F677356000350EE /* PBXTargetDependency */ = {
			isa = PBXTargetDependency;
			target = FFF457E32F677355000350EE /* Memry */;
			targetProxy = FFF457F62F677356000350EE /* PBXContainerItemProxy */;
		};
/* End PBXTargetDependency section */

/* Begin XCBuildConfiguration section */
		FFF458092F677356000350EE /* Debug */ = {
			isa = XCBuildConfiguration;
			buildSettings = {
				ASSETCATALOG_COMPILER_APPICON_NAME = AppIcon;
				ASSETCATALOG_COMPILER_GLOBAL_ACCENT_COLOR_NAME = AccentColor;
				CODE_SIGN_ENTITLEMENTS = Memry/Memry.entitlements;
				CODE_SIGN_STYLE = Automatic;
				CURRENT_PROJECT_VERSION = 1;
				DEVELOPMENT_TEAM = PHSYMJ6438;
				ENABLE_APP_SANDBOX = YES;
				ENABLE_HARDENED_RUNTIME = YES;
				ENABLE_PREVIEWS = YES;
				ENABLE_USER_SELECTED_FILES = readonly;
				GENERATE_INFOPLIST_FILE = YES;
				INFOPLIST_FILE = Memry/Info.plist;
				"INFOPLIST_KEY_UIApplicationSceneManifest_Generation[sdk=iphoneos*]" = YES;
				"INFOPLIST_KEY_UIApplicationSceneManifest_Generation[sdk=iphonesimulator*]" = YES;
				"INFOPLIST_KEY_UIApplicationSupportsIndirectInputEvents[sdk=iphoneos*]" = YES;
				"INFOPLIST_KEY_UIApplicationSupportsIndirectInputEvents[sdk=iphonesimulator*]" = YES;
				"INFOPLIST_KEY_UILaunchScreen_Generation[sdk=iphoneos*]" = YES;
				"INFOPLIST_KEY_UILaunchScreen_Generation[sdk=iphonesimulator*]" = YES;
				"INFOPLIST_KEY_UIStatusBarStyle[sdk=iphoneos*]" = UIStatusBarStyleDefault;
				"INFOPLIST_KEY_UIStatusBarStyle[sdk=iphonesimulator*]" = UIStatusBarStyleDefault;
				INFOPLIST_KEY_UISupportedInterfaceOrientations_iPad = "UIInterfaceOrientationPortrait UIInterfaceOrientationPortraitUpsideDown UIInterfaceOrientationLandscapeLeft UIInterfaceOrientationLandscapeRight";
				INFOPLIST_KEY_UISupportedInterfaceOrientations_iPhone = "UIInterfaceOrientationPortrait UIInterfaceOrientationLandscapeLeft UIInterfaceOrientationLandscapeRight";
				IPHONEOS_DEPLOYMENT_TARGET = 26.0;
				LD_RUNPATH_SEARCH_PATHS = "@executable_path/Frameworks";
				"LD_RUNPATH_SEARCH_PATHS[sdk=macosx*]" = "@executable_path/../Frameworks";
				MACOSX_DEPLOYMENT_TARGET = 26.0;
				MARKETING_VERSION = 1.0;
				PRODUCT_BUNDLE_IDENTIFIER = frogmojo.Memry;
				PRODUCT_NAME = "$(TARGET_NAME)";
				REGISTER_APP_GROUPS = YES;
				SDKROOT = auto;
				STRING_CATALOG_GENERATE_SYMBOLS = YES;
				SUPPORTED_PLATFORMS = "iphoneos iphonesimulator macosx xros xrsimulator";
				SWIFT_APPROACHABLE_CONCURRENCY = YES;
				SWIFT_DEFAULT_ACTOR_ISOLATION = MainActor;
				SWIFT_EMIT_LOC_STRINGS = YES;
				SWIFT_UPCOMING_FEATURE_MEMBER_IMPORT_VISIBILITY = YES;
				SWIFT_VERSION = 5.0;
				TARGETED_DEVICE_FAMILY = "1,2,7";
				XROS_DEPLOYMENT_TARGET = 26.0;
			};
			name = Debug;
		};
		FFF4580A2F677356000350EE /* Release */ = {
			isa = XCBuildConfiguration;
			buildSettings = {
				ASSETCATALOG_COMPILER_APPICON_NAME = AppIcon;
				ASSETCATALOG_COMPILER_GLOBAL_ACCENT_COLOR_NAME = AccentColor;
				CODE_SIGN_ENTITLEMENTS = Memry/Memry.entitlements;
				CODE_SIGN_STYLE = Automatic;
				CURRENT_PROJECT_VERSION = 1;
				DEVELOPMENT_TEAM = PHSYMJ6438;
				ENABLE_APP_SANDBOX = YES;
				ENABLE_HARDENED_RUNTIME = YES;
				ENABLE_PREVIEWS = YES;
				ENABLE_USER_SELECTED_FILES = readonly;
				GENERATE_INFOPLIST_FILE = YES;
				INFOPLIST_FILE = Memry/Info.plist;
				"INFOPLIST_KEY_UIApplicationSceneManifest_Generation[sdk=iphoneos*]" = YES;
				"INFOPLIST_KEY_UIApplicationSceneManifest_Generation[sdk=iphonesimulator*]" = YES;
				"INFOPLIST_KEY_UIApplicationSupportsIndirectInputEvents[sdk=iphoneos*]" = YES;
				"INFOPLIST_KEY_UIApplicationSupportsIndirectInputEvents[sdk=iphonesimulator*]" = YES;
				"INFOPLIST_KEY_UILaunchScreen_Generation[sdk=iphoneos*]" = YES;
				"INFOPLIST_KEY_UILaunchScreen_Generation[sdk=iphonesimulator*]" = YES;
				"INFOPLIST_KEY_UIStatusBarStyle[sdk=iphoneos*]" = UIStatusBarStyleDefault;
				"INFOPLIST_KEY_UIStatusBarStyle[sdk=iphonesimulator*]" = UIStatusBarStyleDefault;
				INFOPLIST_KEY_UISupportedInterfaceOrientations_iPad = "UIInterfaceOrientationPortrait UIInterfaceOrientationPortraitUpsideDown UIInterfaceOrientationLandscapeLeft UIInterfaceOrientationLandscapeRight";
				INFOPLIST_KEY_UISupportedInterfaceOrientations_iPhone = "UIInterfaceOrientationPortrait UIInterfaceOrientationLandscapeLeft UIInterfaceOrientationLandscapeRight";
				IPHONEOS_DEPLOYMENT_TARGET = 26.0;
				LD_RUNPATH_SEARCH_PATHS = "@executable_path/Frameworks";
				"LD_RUNPATH_SEARCH_PATHS[sdk=macosx*]" = "@executable_path/../Frameworks";
				MACOSX_DEPLOYMENT_TARGET = 26.0;
				MARKETING_VERSION = 1.0;
				PRODUCT_BUNDLE_IDENTIFIER = frogmojo.Memry;
				PRODUCT_NAME = "$(TARGET_NAME)";
				REGISTER_APP_GROUPS = YES;
				SDKROOT = auto;
				STRING_CATALOG_GENERATE_SYMBOLS = YES;
				SUPPORTED_PLATFORMS = "iphoneos iphonesimulator macosx xros xrsimulator";
				SWIFT_APPROACHABLE_CONCURRENCY = YES;
				SWIFT_DEFAULT_ACTOR_ISOLATION = MainActor;
				SWIFT_EMIT_LOC_STRINGS = YES;
				SWIFT_UPCOMING_FEATURE_MEMBER_IMPORT_VISIBILITY = YES;
				SWIFT_VERSION = 5.0;
				TARGETED_DEVICE_FAMILY = "1,2,7";
				XROS_DEPLOYMENT_TARGET = 26.0;
			};
			name = Release;
		};
		FFF4580B2F677356000350EE /* Debug */ = {
			isa = XCBuildConfiguration;
			buildSettings = {
				ALWAYS_SEARCH_USER_PATHS = NO;
				ASSETCATALOG_COMPILER_GENERATE_SWIFT_ASSET_SYMBOL_EXTENSIONS = YES;
				CLANG_ANALYZER_NONNULL = YES;
				CLANG_ANALYZER_NUMBER_OBJECT_CONVERSION = YES_AGGRESSIVE;
				CLANG_CXX_LANGUAGE_STANDARD = "gnu++20";
				CLANG_ENABLE_MODULES = YES;
				CLANG_ENABLE_OBJC_ARC = YES;
				CLANG_ENABLE_OBJC_WEAK = YES;
				CLANG_WARN_BLOCK_CAPTURE_AUTORELEASING = YES;
				CLANG_WARN_BOOL_CONVERSION = YES;
				CLANG_WARN_COMMA = YES;
				CLANG_WARN_CONSTANT_CONVERSION = YES;
				CLANG_WARN_DEPRECATED_OBJC_IMPLEMENTATIONS = YES;
				CLANG_WARN_DIRECT_OBJC_ISA_USAGE = YES_ERROR;
				CLANG_WARN_DOCUMENTATION_COMMENTS = YES;
				CLANG_WARN_EMPTY_BODY = YES;
				CLANG_WARN_ENUM_CONVERSION = YES;
				CLANG_WARN_INFINITE_RECURSION = YES;
				CLANG_WARN_INT_CONVERSION = YES;
				CLANG_WARN_NON_LITERAL_NULL_CONVERSION = YES;
				CLANG_WARN_OBJC_IMPLICIT_RETAIN_SELF = YES;
				CLANG_WARN_OBJC_LITERAL_CONVERSION = YES;
				CLANG_WARN_OBJC_ROOT_CLASS = YES_ERROR;
				CLANG_WARN_QUOTED_INCLUDE_IN_FRAMEWORK_HEADER = YES;
				CLANG_WARN_RANGE_LOOP_ANALYSIS = YES;
				CLANG_WARN_STRICT_PROTOTYPES = YES;
				CLANG_WARN_SUSPICIOUS_MOVE = YES;
				CLANG_WARN_UNGUARDED_AVAILABILITY = YES_AGGRESSIVE;
				CLANG_WARN_UNREACHABLE_CODE = YES;
				CLANG_WARN__DUPLICATE_METHOD_MATCH = YES;
				COPY_PHASE_STRIP = NO;
				DEBUG_INFORMATION_FORMAT = dwarf;
				DEVELOPMENT_TEAM = PHSYMJ6438;
				ENABLE_STRICT_OBJC_MSGSEND = YES;
				ENABLE_TESTABILITY = YES;
				ENABLE_USER_SCRIPT_SANDBOXING = YES;
				GCC_C_LANGUAGE_STANDARD = gnu17;
				GCC_DYNAMIC_NO_PIC = NO;
				GCC_NO_COMMON_BLOCKS = YES;
				GCC_OPTIMIZATION_LEVEL = 0;
				GCC_PREPROCESSOR_DEFINITIONS = (
					"DEBUG=1",
					"$(inherited)",
				);
				GCC_WARN_64_TO_32_BIT_CONVERSION = YES;
				GCC_WARN_ABOUT_RETURN_TYPE = YES_ERROR;
				GCC_WARN_UNDECLARED_SELECTOR = YES;
				GCC_WARN_UNINITIALIZED_AUTOS = YES_AGGRESSIVE;
				GCC_WARN_UNUSED_FUNCTION = YES;
				GCC_WARN_UNUSED_VARIABLE = YES;
				LOCALIZATION_PREFERS_STRING_CATALOGS = YES;
				MTL_ENABLE_DEBUG_INFO = INCLUDE_SOURCE;
				MTL_FAST_MATH = YES;
				ONLY_ACTIVE_ARCH = YES;
				SWIFT_ACTIVE_COMPILATION_CONDITIONS = "DEBUG $(inherited)";
				SWIFT_OPTIMIZATION_LEVEL = "-Onone";
			};
			name = Debug;
		};
		FFF4580C2F677356000350EE /* Release */ = {
			isa = XCBuildConfiguration;
			buildSettings = {
				ALWAYS_SEARCH_USER_PATHS = NO;
				ASSETCATALOG_COMPILER_GENERATE_SWIFT_ASSET_SYMBOL_EXTENSIONS = YES;
				CLANG_ANALYZER_NONNULL = YES;
				CLANG_ANALYZER_NUMBER_OBJECT_CONVERSION = YES_AGGRESSIVE;
				CLANG_CXX_LANGUAGE_STANDARD = "gnu++20";
				CLANG_ENABLE_MODULES = YES;
				CLANG_ENABLE_OBJC_ARC = YES;
				CLANG_ENABLE_OBJC_WEAK = YES;
				CLANG_WARN_BLOCK_CAPTURE_AUTORELEASING = YES;
				CLANG_WARN_BOOL_CONVERSION = YES;
				CLANG_WARN_COMMA = YES;
				CLANG_WARN_CONSTANT_CONVERSION = YES;
				CLANG_WARN_DEPRECATED_OBJC_IMPLEMENTATIONS = YES;
				CLANG_WARN_DIRECT_OBJC_ISA_USAGE = YES_ERROR;
				CLANG_WARN_DOCUMENTATION_COMMENTS = YES;
				CLANG_WARN_EMPTY_BODY = YES;
				CLANG_WARN_ENUM_CONVERSION = YES;
				CLANG_WARN_INFINITE_RECURSION = YES;
				CLANG_WARN_INT_CONVERSION = YES;
				CLANG_WARN_NON_LITERAL_NULL_CONVERSION = YES;
				CLANG_WARN_OBJC_IMPLICIT_RETAIN_SELF = YES;
				CLANG_WARN_OBJC_LITERAL_CONVERSION = YES;
				CLANG_WARN_OBJC_ROOT_CLASS = YES_ERROR;
				CLANG_WARN_QUOTED_INCLUDE_IN_FRAMEWORK_HEADER = YES;
				CLANG_WARN_RANGE_LOOP_ANALYSIS = YES;
				CLANG_WARN_STRICT_PROTOTYPES = YES;
				CLANG_WARN_SUSPICIOUS_MOVE = YES;
				CLANG_WARN_UNGUARDED_AVAILABILITY = YES_AGGRESSIVE;
				CLANG_WARN_UNREACHABLE_CODE = YES;
				CLANG_WARN__DUPLICATE_METHOD_MATCH = YES;
				COPY_PHASE_STRIP = NO;
				DEBUG_INFORMATION_FORMAT = "dwarf-with-dsym";
				DEVELOPMENT_TEAM = PHSYMJ6438;
				ENABLE_NS_ASSERTIONS = NO;
				ENABLE_STRICT_OBJC_MSGSEND = YES;
				ENABLE_USER_SCRIPT_SANDBOXING = YES;
				GCC_C_LANGUAGE_STANDARD = gnu17;
				GCC_NO_COMMON_BLOCKS = YES;
				GCC_WARN_64_TO_32_BIT_CONVERSION = YES;
				GCC_WARN_ABOUT_RETURN_TYPE = YES_ERROR;
				GCC_WARN_UNDECLARED_SELECTOR = YES;
				GCC_WARN_UNINITIALIZED_AUTOS = YES_AGGRESSIVE;
				GCC_WARN_UNUSED_FUNCTION = YES;
				GCC_WARN_UNUSED_VARIABLE = YES;
				LOCALIZATION_PREFERS_STRING_CATALOGS = YES;
				MTL_ENABLE_DEBUG_INFO = NO;
				MTL_FAST_MATH = YES;
				SWIFT_COMPILATION_MODE = wholemodule;
			};
			name = Release;
		};
		FFF4580E2F677356000350EE /* Debug */ = {
			isa = XCBuildConfiguration;
			buildSettings = {
				BUNDLE_LOADER = "$(TEST_HOST)";
				CODE_SIGN_STYLE = Automatic;
				CURRENT_PROJECT_VERSION = 1;
				DEVELOPMENT_TEAM = PHSYMJ6438;
				GENERATE_INFOPLIST_FILE = YES;
				IPHONEOS_DEPLOYMENT_TARGET = 26.0;
				MACOSX_DEPLOYMENT_TARGET = 26.0;
				MARKETING_VERSION = 1.0;
				PRODUCT_BUNDLE_IDENTIFIER = frogmojo.MemryTests;
				PRODUCT_NAME = "$(TARGET_NAME)";
				SDKROOT = auto;
				STRING_CATALOG_GENERATE_SYMBOLS = NO;
				SUPPORTED_PLATFORMS = "iphoneos iphonesimulator macosx xros xrsimulator";
				SWIFT_APPROACHABLE_CONCURRENCY = YES;
				SWIFT_EMIT_LOC_STRINGS = NO;
				SWIFT_UPCOMING_FEATURE_MEMBER_IMPORT_VISIBILITY = YES;
				SWIFT_VERSION = 5.0;
				TARGETED_DEVICE_FAMILY = "1,2,7";
				TEST_HOST = "$(BUILT_PRODUCTS_DIR)/Memry.app/$(BUNDLE_EXECUTABLE_FOLDER_PATH)/Memry";
				XROS_DEPLOYMENT_TARGET = 26.0;
			};
			name = Debug;
		};
		FFF4580F2F677356000350EE /* Release */ = {
			isa = XCBuildConfiguration;
			buildSettings = {
				BUNDLE_LOADER = "$(TEST_HOST)";
				CODE_SIGN_STYLE = Automatic;
				CURRENT_PROJECT_VERSION = 1;
				DEVELOPMENT_TEAM = PHSYMJ6438;
				GENERATE_INFOPLIST_FILE = YES;
				IPHONEOS_DEPLOYMENT_TARGET = 26.0;
				MACOSX_DEPLOYMENT_TARGET = 26.0;
				MARKETING_VERSION = 1.0;
				PRODUCT_BUNDLE_IDENTIFIER = frogmojo.MemryTests;
				PRODUCT_NAME = "$(TARGET_NAME)";
				SDKROOT = auto;
				STRING_CATALOG_GENERATE_SYMBOLS = NO;
				SUPPORTED_PLATFORMS = "iphoneos iphonesimulator macosx xros xrsimulator";
				SWIFT_APPROACHABLE_CONCURRENCY = YES;
				SWIFT_EMIT_LOC_STRINGS = NO;
				SWIFT_UPCOMING_FEATURE_MEMBER_IMPORT_VISIBILITY = YES;
				SWIFT_VERSION = 5.0;
				TARGETED_DEVICE_FAMILY = "1,2,7";
				TEST_HOST = "$(BUILT_PRODUCTS_DIR)/Memry.app/$(BUNDLE_EXECUTABLE_FOLDER_PATH)/Memry";
				XROS_DEPLOYMENT_TARGET = 26.0;
			};
			name = Release;
		};
/* End XCBuildConfiguration section */

/* Begin XCConfigurationList section */
		FFF457DF2F677355000350EE /* Build configuration list for PBXProject "Memry" */ = {
			isa = XCConfigurationList;
			buildConfigurations = (
				FFF4580B2F677356000350EE /* Debug */,
				FFF4580C2F677356000350EE /* Release */,
			);
			defaultConfigurationIsVisible = 0;
			defaultConfigurationName = Release;
		};
		FFF458082F677356000350EE /* Build configuration list for PBXNativeTarget "Memry" */ = {
			isa = XCConfigurationList;
			buildConfigurations = (
				FFF458092F677356000350EE /* Debug */,
				FFF4580A2F677356000350EE /* Release */,
			);
			defaultConfigurationIsVisible = 0;
			defaultConfigurationName = Release;
		};
		FFF4580D2F677356000350EE /* Build configuration list for PBXNativeTarget "MemryTests" */ = {
			isa = XCConfigurationList;
			buildConfigurations = (
				FFF4580E2F677356000350EE /* Debug */,
				FFF4580F2F677356000350EE /* Release */,
			);
			defaultConfigurationIsVisible = 0;
			defaultConfigurationName = Release;
		};
/* End XCConfigurationList section */

/* Begin XCRemoteSwiftPackageReference section */
		FFF458242F677519000350EE /* XCRemoteSwiftPackageReference "MajorSystemKit" */ = {
			isa = XCRemoteSwiftPackageReference;
			repositoryURL = "https://github.com/ybodson/MajorSystemKit.git";
			requirement = {
				branch = main;
				kind = branch;
			};
		};
/* End XCRemoteSwiftPackageReference section */

/* Begin XCSwiftPackageProductDependency section */
		FFF458252F677519000350EE /* MajorSystemKit */ = {
			isa = XCSwiftPackageProductDependency;
			package = FFF458242F677519000350EE /* XCRemoteSwiftPackageReference "MajorSystemKit" */;
			productName = MajorSystemKit;
		};
/* End XCSwiftPackageProductDependency section */
	};
	rootObject = FFF457DC2F677355000350EE /* Project object */;
}
